Microsoft Visual Studio Solution File, Format Version 12.00
# Visual Studio 2013
VisualStudioVersion = 12.0.40629.0
MinimumVisualStudioVersion = 10.0.40219.1
Project("{FAE04EC0-301F-11D3-BF4B-00C04F79EFBC}") = "Calcomp2Png", "Calcomp2Png\Calcomp2Png.csproj", "{90903687-0383-49C6-91FE-DEC69B9AE72B}"
EndProject
Project("{FAE04EC0-301F-11D3-BF4B-00C04F79EFBC}") = "Calcomp", "Calcomp\Calcomp.csproj", "{4FDB5111-9CC6-40B5-955F-3F17DC7B8559}"
EndProject
Project("{FAE04EC0-301F-11D3-BF4B-00C04F79EFBC}") = "Calcomp.Tests", "Calcomp.Tests\Calcomp.Tests.csproj", "{84FABC28-5E7B-4F47-9369-1AF325551516}"
EndProject
Project("{2150E333-8FDC-42A3-9474-1A3956D46DE8}") = ".nuget", ".nuget", "{B31608F8-8507-4FF3-9A7D-F63FC95D53CD}"
	ProjectSection(SolutionItems) = preProject
		.nuget\packages.config = .nuget\packages.config
	EndProjectSection
EndProject
Global
	GlobalSection(SolutionConfigurationPlatforms) = preSolution
		Debug|Any CPU = Debug|Any CPU
		Release|Any CPU = Release|Any CPU
	EndGlobalSection
	GlobalSection(ProjectConfigurationPlatforms) = postSolution
		{90903687-0383-49C6-91FE-DEC69B9AE72B}.Debug|Any CPU.ActiveCfg = Debug|Any CPU
		{90903687-0383-49C6-91FE-DEC69B9AE72B}.Debug|Any CPU.Build.0 = Debug|Any CPU
		{90903687-0383-49C6-91FE-DEC69B9AE72B}.Release|Any CPU.ActiveCfg = Release|Any CPU
		{90903687-0383-49C6-91FE-DEC69B9AE72B}.Release|Any CPU.Build.0 = Release|Any CPU
		{4FDB5111-9CC6-40B5-955F-3F17DC7B8559}.Debug|Any CPU.ActiveCfg = Debug|Any CPU
		{4FDB5111-9CC6-40B5-955F-3F17DC7B8559}.Debug|Any CPU.Build.0 = Debug|Any CPU
		{4FDB5111-9CC6-40B5-955F-3F17DC7B8559}.Release|Any CPU.ActiveCfg = Release|Any CPU
		{4FDB5111-9CC6-40B5-955F-3F17DC7B8559}.Release|Any CPU.Build.0 = Release|Any CPU
		{84FABC28-5E7B-4F47-9369-1AF325551516}.Debug|Any CPU.ActiveCfg = Debug|Any CPU
		{84FABC28-5E7B-4F47-9369-1AF325551516}.Debug|Any CPU.Build.0 = Debug|Any CPU
		{84FABC28-5E7B-4F47-9369-1AF325551516}.Release|Any CPU.ActiveCfg = Release|Any CPU
		{84FABC28-5E7B-4F47-9369-1AF325551516}.Release|Any CPU.Build.0 = Release|Any CPU
	EndGlobalSection
	GlobalSection(SolutionProperties) = preSolution
		HideSolutionNode = FALSE
	EndGlobalSection
EndGlobal
